// !$*UTF8*$!
{
	archiveVersion = 1;
	classes = {
	};
	objectVersion = 52;
	objects = {

/* Begin PBXBuildFile section */
		B02878F8254408A200D15638 /* NetworkManager.swift in Sources */ = {isa = PBXBuildFile; fileRef = B02878F7254408A200D15638 /* NetworkManager.swift */; };
		B02878F9254408A200D15638 /* NetworkManager.swift in Sources */ = {isa = PBXBuildFile; fileRef = B02878F7254408A200D15638 /* NetworkManager.swift */; };
		B028790725440C4100D15638 /* URLSession+.swift in Sources */ = {isa = PBXBuildFile; fileRef = B028790625440C4100D15638 /* URLSession+.swift */; };
		B028790C25440CD800D15638 /* BlogListModel.swift in Sources */ = {isa = PBXBuildFile; fileRef = B028790B25440CD800D15638 /* BlogListModel.swift */; };
		B028790D25440CD800D15638 /* BlogListModel.swift in Sources */ = {isa = PBXBuildFile; fileRef = B028790B25440CD800D15638 /* BlogListModel.swift */; };
		B028791225440D4400D15638 /* NetworkErrors.swift in Sources */ = {isa = PBXBuildFile; fileRef = B028791125440D4400D15638 /* NetworkErrors.swift */; };
		B028791325440D4400D15638 /* NetworkErrors.swift in Sources */ = {isa = PBXBuildFile; fileRef = B028791125440D4400D15638 /* NetworkErrors.swift */; };
		B028791B254414BC00D15638 /* BlogListViewModel.swift in Sources */ = {isa = PBXBuildFile; fileRef = B028791A254414BC00D15638 /* BlogListViewModel.swift */; };
		B028791C254414BC00D15638 /* BlogListViewModel.swift in Sources */ = {isa = PBXBuildFile; fileRef = B028791A254414BC00D15638 /* BlogListViewModel.swift */; };
		B02879212544155F00D15638 /* BlogViewModel.swift in Sources */ = {isa = PBXBuildFile; fileRef = B02879202544155F00D15638 /* BlogViewModel.swift */; };
		B02879222544155F00D15638 /* BlogViewModel.swift in Sources */ = {isa = PBXBuildFile; fileRef = B02879202544155F00D15638 /* BlogViewModel.swift */; };
		B03E8B4825441DE700209B23 /* BlogTableViewCell.swift in Sources */ = {isa = PBXBuildFile; fileRef = B03E8B4625441DE700209B23 /* BlogTableViewCell.swift */; };
		B03E8B4925441DE700209B23 /* BlogTableViewCell.swift in Sources */ = {isa = PBXBuildFile; fileRef = B03E8B4625441DE700209B23 /* BlogTableViewCell.swift */; };
		B03E8B4A25441DE700209B23 /* BlogTableViewCell.xib in Resources */ = {isa = PBXBuildFile; fileRef = B03E8B4725441DE700209B23 /* BlogTableViewCell.xib */; };
		B03E8B4B25441DE700209B23 /* BlogTableViewCell.xib in Resources */ = {isa = PBXBuildFile; fileRef = B03E8B4725441DE700209B23 /* BlogTableViewCell.xib */; };
		B03E8B50254427BE00209B23 /* AuthorViewModel.swift in Sources */ = {isa = PBXBuildFile; fileRef = B03E8B4F254427BE00209B23 /* AuthorViewModel.swift */; };
		B03E8B51254427BE00209B23 /* AuthorViewModel.swift in Sources */ = {isa = PBXBuildFile; fileRef = B03E8B4F254427BE00209B23 /* AuthorViewModel.swift */; };
		B03E8B56254427D400209B23 /* MediaViewModel.swift in Sources */ = {isa = PBXBuildFile; fileRef = B03E8B55254427D400209B23 /* MediaViewModel.swift */; };
		B03E8B57254427D400209B23 /* MediaViewModel.swift in Sources */ = {isa = PBXBuildFile; fileRef = B03E8B55254427D400209B23 /* MediaViewModel.swift */; };
		B03E8B6C25443ECA00209B23 /* UIView+.swift in Sources */ = {isa = PBXBuildFile; fileRef = B03E8B6B25443ECA00209B23 /* UIView+.swift */; };
		B03E8B79254440A500209B23 /* Int+.swift in Sources */ = {isa = PBXBuildFile; fileRef = B03E8B78254440A500209B23 /* Int+.swift */; };
		B03E8B7E2544436C00209B23 /* Date+.swift in Sources */ = {isa = PBXBuildFile; fileRef = B03E8B7D2544436C00209B23 /* Date+.swift */; };
		B03E8B83254444A100209B23 /* DateFormatter.swift in Sources */ = {isa = PBXBuildFile; fileRef = B03E8B82254444A100209B23 /* DateFormatter.swift */; };
		B03E8B892544572400209B23 /* SDWebImage in Frameworks */ = {isa = PBXBuildFile; productRef = B03E8B882544572400209B23 /* SDWebImage */; };
		B0A6DEF0254403AE000C6C04 /* AppDelegate.swift in Sources */ = {isa = PBXBuildFile; fileRef = B0A6DEEF254403AE000C6C04 /* AppDelegate.swift */; };
		B0A6DEF2254403AE000C6C04 /* SceneDelegate.swift in Sources */ = {isa = PBXBuildFile; fileRef = B0A6DEF1254403AE000C6C04 /* SceneDelegate.swift */; };
		B0A6DEF4254403AE000C6C04 /* ViewController.swift in Sources */ = {isa = PBXBuildFile; fileRef = B0A6DEF3254403AE000C6C04 /* ViewController.swift */; };
		B0A6DEF7254403AE000C6C04 /* Main.storyboard in Resources */ = {isa = PBXBuildFile; fileRef = B0A6DEF5254403AE000C6C04 /* Main.storyboard */; };
		B0A6DEFA254403AE000C6C04 /* Blogger.xcdatamodeld in Sources */ = {isa = PBXBuildFile; fileRef = B0A6DEF8254403AE000C6C04 /* Blogger.xcdatamodeld */; };
		B0A6DEFC254403B1000C6C04 /* Assets.xcassets in Resources */ = {isa = PBXBuildFile; fileRef = B0A6DEFB254403B1000C6C04 /* Assets.xcassets */; };
		B0A6DEFF254403B1000C6C04 /* LaunchScreen.storyboard in Resources */ = {isa = PBXBuildFile; fileRef = B0A6DEFD254403B1000C6C04 /* LaunchScreen.storyboard */; };
		B0A6DF0A254403B1000C6C04 /* BloggerTests.swift in Sources */ = {isa = PBXBuildFile; fileRef = B0A6DF09254403B1000C6C04 /* BloggerTests.swift */; };
		B0A6DF15254403B1000C6C04 /* BloggerUITests.swift in Sources */ = {isa = PBXBuildFile; fileRef = B0A6DF14254403B1000C6C04 /* BloggerUITests.swift */; };
/* End PBXBuildFile section */

/* Begin PBXContainerItemProxy section */
		B0A6DF06254403B1000C6C04 /* PBXContainerItemProxy */ = {
			isa = PBXContainerItemProxy;
			containerPortal = B0A6DEE4254403AE000C6C04 /* Project object */;
			proxyType = 1;
			remoteGlobalIDString = B0A6DEEB254403AE000C6C04;
			remoteInfo = Blogger;
		};
		B0A6DF11254403B1000C6C04 /* PBXContainerItemProxy */ = {
			isa = PBXContainerItemProxy;
			containerPortal = B0A6DEE4254403AE000C6C04 /* Project object */;
			proxyType = 1;
			remoteGlobalIDString = B0A6DEEB254403AE000C6C04;
			remoteInfo = Blogger;
		};
/* End PBXContainerItemProxy section */

/* Begin PBXFileReference section */
		B02878F7254408A200D15638 /* NetworkManager.swift */ = {isa = PBXFileReference; lastKnownFileType = sourcecode.swift; path = NetworkManager.swift; sourceTree = "<group>"; };
		B028790625440C4100D15638 /* URLSession+.swift */ = {isa = PBXFileReference; lastKnownFileType = sourcecode.swift; path = "URLSession+.swift"; sourceTree = "<group>"; };
		B028790B25440CD800D15638 /* BlogListModel.swift */ = {isa = PBXFileReference; lastKnownFileType = sourcecode.swift; path = BlogListModel.swift; sourceTree = "<group>"; };
		B028791125440D4400D15638 /* NetworkErrors.swift */ = {isa = PBXFileReference; lastKnownFileType = sourcecode.swift; path = NetworkErrors.swift; sourceTree = "<group>"; };
		B028791A254414BC00D15638 /* BlogListViewModel.swift */ = {isa = PBXFileReference; lastKnownFileType = sourcecode.swift; path = BlogListViewModel.swift; sourceTree = "<group>"; };
		B02879202544155F00D15638 /* BlogViewModel.swift */ = {isa = PBXFileReference; lastKnownFileType = sourcecode.swift; path = BlogViewModel.swift; sourceTree = "<group>"; };
		B03E8B4625441DE700209B23 /* BlogTableViewCell.swift */ = {isa = PBXFileReference; lastKnownFileType = sourcecode.swift; path = BlogTableViewCell.swift; sourceTree = "<group>"; };
		B03E8B4725441DE700209B23 /* BlogTableViewCell.xib */ = {isa = PBXFileReference; lastKnownFileType = file.xib; path = BlogTableViewCell.xib; sourceTree = "<group>"; };
		B03E8B4F254427BE00209B23 /* AuthorViewModel.swift */ = {isa = PBXFileReference; lastKnownFileType = sourcecode.swift; path = AuthorViewModel.swift; sourceTree = "<group>"; };
		B03E8B55254427D400209B23 /* MediaViewModel.swift */ = {isa = PBXFileReference; lastKnownFileType = sourcecode.swift; path = MediaViewModel.swift; sourceTree = "<group>"; };
		B03E8B6B25443ECA00209B23 /* UIView+.swift */ = {isa = PBXFileReference; lastKnownFileType = sourcecode.swift; path = "UIView+.swift"; sourceTree = "<group>"; };
		B03E8B78254440A500209B23 /* Int+.swift */ = {isa = PBXFileReference; lastKnownFileType = sourcecode.swift; path = "Int+.swift"; sourceTree = "<group>"; };
		B03E8B7D2544436C00209B23 /* Date+.swift */ = {isa = PBXFileReference; lastKnownFileType = sourcecode.swift; path = "Date+.swift"; sourceTree = "<group>"; };
		B03E8B82254444A100209B23 /* DateFormatter.swift */ = {isa = PBXFileReference; lastKnownFileType = sourcecode.swift; path = DateFormatter.swift; sourceTree = "<group>"; };
		B0A6DEEC254403AE000C6C04 /* Blogger.app */ = {isa = PBXFileReference; explicitFileType = wrapper.application; includeInIndex = 0; path = Blogger.app; sourceTree = BUILT_PRODUCTS_DIR; };
		B0A6DEEF254403AE000C6C04 /* AppDelegate.swift */ = {isa = PBXFileReference; lastKnownFileType = sourcecode.swift; path = AppDelegate.swift; sourceTree = "<group>"; };
		B0A6DEF1254403AE000C6C04 /* SceneDelegate.swift */ = {isa = PBXFileReference; lastKnownFileType = sourcecode.swift; path = SceneDelegate.swift; sourceTree = "<group>"; };
		B0A6DEF3254403AE000C6C04 /* ViewController.swift */ = {isa = PBXFileReference; lastKnownFileType = sourcecode.swift; path = ViewController.swift; sourceTree = "<group>"; };
		B0A6DEF6254403AE000C6C04 /* Base */ = {isa = PBXFileReference; lastKnownFileType = file.storyboard; name = Base; path = Base.lproj/Main.storyboard; sourceTree = "<group>"; };
		B0A6DEF9254403AE000C6C04 /* Blogger.xcdatamodel */ = {isa = PBXFileReference; lastKnownFileType = wrapper.xcdatamodel; path = Blogger.xcdatamodel; sourceTree = "<group>"; };
		B0A6DEFB254403B1000C6C04 /* Assets.xcassets */ = {isa = PBXFileReference; lastKnownFileType = folder.assetcatalog; path = Assets.xcassets; sourceTree = "<group>"; };
		B0A6DEFE254403B1000C6C04 /* Base */ = {isa = PBXFileReference; lastKnownFileType = file.storyboard; name = Base; path = Base.lproj/LaunchScreen.storyboard; sourceTree = "<group>"; };
		B0A6DF00254403B1000C6C04 /* Info.plist */ = {isa = PBXFileReference; lastKnownFileType = text.plist.xml; path = Info.plist; sourceTree = "<group>"; };
		B0A6DF05254403B1000C6C04 /* BloggerTests.xctest */ = {isa = PBXFileReference; explicitFileType = wrapper.cfbundle; includeInIndex = 0; path = BloggerTests.xctest; sourceTree = BUILT_PRODUCTS_DIR; };
		B0A6DF09254403B1000C6C04 /* BloggerTests.swift */ = {isa = PBXFileReference; lastKnownFileType = sourcecode.swift; path = BloggerTests.swift; sourceTree = "<group>"; };
		B0A6DF0B254403B1000C6C04 /* Info.plist */ = {isa = PBXFileReference; lastKnownFileType = text.plist.xml; path = Info.plist; sourceTree = "<group>"; };
		B0A6DF10254403B1000C6C04 /* BloggerUITests.xctest */ = {isa = PBXFileReference; explicitFileType = wrapper.cfbundle; includeInIndex = 0; path = BloggerUITests.xctest; sourceTree = BUILT_PRODUCTS_DIR; };
		B0A6DF14254403B1000C6C04 /* BloggerUITests.swift */ = {isa = PBXFileReference; lastKnownFileType = sourcecode.swift; path = BloggerUITests.swift; sourceTree = "<group>"; };
		B0A6DF16254403B1000C6C04 /* Info.plist */ = {isa = PBXFileReference; lastKnownFileType = text.plist.xml; path = Info.plist; sourceTree = "<group>"; };
/* End PBXFileReference section */

/* Begin PBXFrameworksBuildPhase section */
		B0A6DEE9254403AE000C6C04 /* Frameworks */ = {
			isa = PBXFrameworksBuildPhase;
			buildActionMask = 2147483647;
			files = (
				B03E8B892544572400209B23 /* SDWebImage in Frameworks */,
			);
			runOnlyForDeploymentPostprocessing = 0;
		};
		B0A6DF02254403B1000C6C04 /* Frameworks */ = {
			isa = PBXFrameworksBuildPhase;
			buildActionMask = 2147483647;
			files = (
			);
			runOnlyForDeploymentPostprocessing = 0;
		};
		B0A6DF0D254403B1000C6C04 /* Frameworks */ = {
			isa = PBXFrameworksBuildPhase;
			buildActionMask = 2147483647;
			files = (
			);
			runOnlyForDeploymentPostprocessing = 0;
		};
/* End PBXFrameworksBuildPhase section */

/* Begin PBXGroup section */
		B02878F22544070B00D15638 /* tableviewcells */ = {
			isa = PBXGroup;
			children = (
				B03E8B4625441DE700209B23 /* BlogTableViewCell.swift */,
				B03E8B4725441DE700209B23 /* BlogTableViewCell.xib */,
			);
			path = tableviewcells;
			sourceTree = "<group>";
		};
		B02878F32544072700D15638 /* ListVC */ = {
			isa = PBXGroup;
			children = (
				B0A6DEF3254403AE000C6C04 /* ViewController.swift */,
			);
			path = ListVC;
			sourceTree = "<group>";
		};
		B0A6DEE3254403AE000C6C04 = {
			isa = PBXGroup;
			children = (
				B0A6DEEE254403AE000C6C04 /* Blogger */,
				B0A6DF08254403B1000C6C04 /* BloggerTests */,
				B0A6DF13254403B1000C6C04 /* BloggerUITests */,
				B0A6DEED254403AE000C6C04 /* Products */,
			);
			sourceTree = "<group>";
		};
		B0A6DEED254403AE000C6C04 /* Products */ = {
			isa = PBXGroup;
			children = (
				B0A6DEEC254403AE000C6C04 /* Blogger.app */,
				B0A6DF05254403B1000C6C04 /* BloggerTests.xctest */,
				B0A6DF10254403B1000C6C04 /* BloggerUITests.xctest */,
			);
			name = Products;
			sourceTree = "<group>";
		};
		B0A6DEEE254403AE000C6C04 /* Blogger */ = {
			isa = PBXGroup;
			children = (
				B0A6DF2D25440664000C6C04 /* models */,
				B0A6DF2B25440650000C6C04 /* viewcontrollers */,
				B0A6DF2C2544065D000C6C04 /* viewmodels */,
				B02878F22544070B00D15638 /* tableviewcells */,
				B0A6DF3025440684000C6C04 /* extensions */,
				B0A6DF2F25440675000C6C04 /* utility */,
				B0A6DF2E2544066A000C6C04 /* network */,
				B0A6DEF5254403AE000C6C04 /* Main.storyboard */,
				B0A6DEFB254403B1000C6C04 /* Assets.xcassets */,
				B0A6DEFD254403B1000C6C04 /* LaunchScreen.storyboard */,
				B0A6DF00254403B1000C6C04 /* Info.plist */,
				B0A6DEF8254403AE000C6C04 /* Blogger.xcdatamodeld */,
			);
			path = Blogger;
			sourceTree = "<group>";
		};
		B0A6DF08254403B1000C6C04 /* BloggerTests */ = {
			isa = PBXGroup;
			children = (
				B0A6DF09254403B1000C6C04 /* BloggerTests.swift */,
				B0A6DF0B254403B1000C6C04 /* Info.plist */,
			);
			path = BloggerTests;
			sourceTree = "<group>";
		};
		B0A6DF13254403B1000C6C04 /* BloggerUITests */ = {
			isa = PBXGroup;
			children = (
				B0A6DF14254403B1000C6C04 /* BloggerUITests.swift */,
				B0A6DF16254403B1000C6C04 /* Info.plist */,
			);
			path = BloggerUITests;
			sourceTree = "<group>";
		};
		B0A6DF2B25440650000C6C04 /* viewcontrollers */ = {
			isa = PBXGroup;
			children = (
				B02878F32544072700D15638 /* ListVC */,
			);
			path = viewcontrollers;
			sourceTree = "<group>";
		};
		B0A6DF2C2544065D000C6C04 /* viewmodels */ = {
			isa = PBXGroup;
			children = (
				B028791A254414BC00D15638 /* BlogListViewModel.swift */,
				B02879202544155F00D15638 /* BlogViewModel.swift */,
				B03E8B4F254427BE00209B23 /* AuthorViewModel.swift */,
				B03E8B55254427D400209B23 /* MediaViewModel.swift */,
			);
			path = viewmodels;
			sourceTree = "<group>";
		};
		B0A6DF2D25440664000C6C04 /* models */ = {
			isa = PBXGroup;
			children = (
				B028790B25440CD800D15638 /* BlogListModel.swift */,
			);
			path = models;
			sourceTree = "<group>";
		};
		B0A6DF2E2544066A000C6C04 /* network */ = {
			isa = PBXGroup;
			children = (
				B02878F7254408A200D15638 /* NetworkManager.swift */,
				B028791125440D4400D15638 /* NetworkErrors.swift */,
			);
			path = network;
			sourceTree = "<group>";
		};
		B0A6DF2F25440675000C6C04 /* utility */ = {
			isa = PBXGroup;
			children = (
				B0A6DEEF254403AE000C6C04 /* AppDelegate.swift */,
				B0A6DEF1254403AE000C6C04 /* SceneDelegate.swift */,
				B03E8B82254444A100209B23 /* DateFormatter.swift */,
			);
			path = utility;
			sourceTree = "<group>";
		};
		B0A6DF3025440684000C6C04 /* extensions */ = {
			isa = PBXGroup;
			children = (
				B028790625440C4100D15638 /* URLSession+.swift */,
				B03E8B6B25443ECA00209B23 /* UIView+.swift */,
				B03E8B78254440A500209B23 /* Int+.swift */,
				B03E8B7D2544436C00209B23 /* Date+.swift */,
			);
			path = extensions;
			sourceTree = "<group>";
		};
/* End PBXGroup section */

/* Begin PBXNativeTarget section */
		B0A6DEEB254403AE000C6C04 /* Blogger */ = {
			isa = PBXNativeTarget;
			buildConfigurationList = B0A6DF19254403B1000C6C04 /* Build configuration list for PBXNativeTarget "Blogger" */;
			buildPhases = (
				B0A6DEE8254403AE000C6C04 /* Sources */,
				B0A6DEE9254403AE000C6C04 /* Frameworks */,
				B0A6DEEA254403AE000C6C04 /* Resources */,
			);
			buildRules = (
			);
			dependencies = (
			);
			name = Blogger;
			packageProductDependencies = (
				B03E8B882544572400209B23 /* SDWebImage */,
			);
			productName = Blogger;
			productReference = B0A6DEEC254403AE000C6C04 /* Blogger.app */;
			productType = "com.apple.product-type.application";
		};
		B0A6DF04254403B1000C6C04 /* BloggerTests */ = {
			isa = PBXNativeTarget;
			buildConfigurationList = B0A6DF1C254403B1000C6C04 /* Build configuration list for PBXNativeTarget "BloggerTests" */;
			buildPhases = (
				B0A6DF01254403B1000C6C04 /* Sources */,
				B0A6DF02254403B1000C6C04 /* Frameworks */,
				B0A6DF03254403B1000C6C04 /* Resources */,
			);
			buildRules = (
			);
			dependencies = (
				B0A6DF07254403B1000C6C04 /* PBXTargetDependency */,
			);
			name = BloggerTests;
			productName = BloggerTests;
			productReference = B0A6DF05254403B1000C6C04 /* BloggerTests.xctest */;
			productType = "com.apple.product-type.bundle.unit-test";
		};
		B0A6DF0F254403B1000C6C04 /* BloggerUITests */ = {
			isa = PBXNativeTarget;
			buildConfigurationList = B0A6DF1F254403B1000C6C04 /* Build configuration list for PBXNativeTarget "BloggerUITests" */;
			buildPhases = (
				B0A6DF0C254403B1000C6C04 /* Sources */,
				B0A6DF0D254403B1000C6C04 /* Frameworks */,
				B0A6DF0E254403B1000C6C04 /* Resources */,
			);
			buildRules = (
			);
			dependencies = (
				B0A6DF12254403B1000C6C04 /* PBXTargetDependency */,
			);
			name = BloggerUITests;
			productName = BloggerUITests;
			productReference = B0A6DF10254403B1000C6C04 /* BloggerUITests.xctest */;
			productType = "com.apple.product-type.bundle.ui-testing";
		};
/* End PBXNativeTarget section */

/* Begin PBXProject section */
		B0A6DEE4254403AE000C6C04 /* Project object */ = {
			isa = PBXProject;
			attributes = {
				LastSwiftUpdateCheck = 1210;
				LastUpgradeCheck = 1210;
				TargetAttributes = {
					B0A6DEEB254403AE000C6C04 = {
						CreatedOnToolsVersion = 12.1;
					};
					B0A6DF04254403B1000C6C04 = {
						CreatedOnToolsVersion = 12.1;
						TestTargetID = B0A6DEEB254403AE000C6C04;
					};
					B0A6DF0F254403B1000C6C04 = {
						CreatedOnToolsVersion = 12.1;
						TestTargetID = B0A6DEEB254403AE000C6C04;
					};
				};
			};
			buildConfigurationList = B0A6DEE7254403AE000C6C04 /* Build configuration list for PBXProject "Blogger" */;
			compatibilityVersion = "Xcode 9.3";
			developmentRegion = en;
			hasScannedForEncodings = 0;
			knownRegions = (
				en,
				Base,
			);
			mainGroup = B0A6DEE3254403AE000C6C04;
			packageReferences = (
				B03E8B872544572400209B23 /* XCRemoteSwiftPackageReference "SDWebImage" */,
			);
			productRefGroup = B0A6DEED254403AE000C6C04 /* Products */;
			projectDirPath = "";
			projectRoot = "";
			targets = (
				B0A6DEEB254403AE000C6C04 /* Blogger */,
				B0A6DF04254403B1000C6C04 /* BloggerTests */,
				B0A6DF0F254403B1000C6C04 /* BloggerUITests */,
			);
		};
/* End PBXProject section */

/* Begin PBXResourcesBuildPhase section */
		B0A6DEEA254403AE000C6C04 /* Resources */ = {
			isa = PBXResourcesBuildPhase;
			buildActionMask = 2147483647;
			files = (
				B0A6DEFF254403B1000C6C04 /* LaunchScreen.storyboard in Resources */,
				B03E8B4A25441DE700209B23 /* BlogTableViewCell.xib in Resources */,
				B0A6DEFC254403B1000C6C04 /* Assets.xcassets in Resources */,
				B0A6DEF7254403AE000C6C04 /* Main.storyboard in Resources */,
			);
			runOnlyForDeploymentPostprocessing = 0;
		};
		B0A6DF03254403B1000C6C04 /* Resources */ = {
			isa = PBXResourcesBuildPhase;
			buildActionMask = 2147483647;
			files = (
				B03E8B4B25441DE700209B23 /* BlogTableViewCell.xib in Resources */,
			);
			runOnlyForDeploymentPostprocessing = 0;
		};
		B0A6DF0E254403B1000C6C04 /* Resources */ = {
			isa = PBXResourcesBuildPhase;
			buildActionMask = 2147483647;
			files = (
			);
			runOnlyForDeploymentPostprocessing = 0;
		};
/* End PBXResourcesBuildPhase section */

/* Begin PBXSourcesBuildPhase section */
		B0A6DEE8254403AE000C6C04 /* Sources */ = {
			isa = PBXSourcesBuildPhase;
			buildActionMask = 2147483647;
			files = (
				B03E8B56254427D400209B23 /* MediaViewModel.swift in Sources */,
				B0A6DEF4254403AE000C6C04 /* ViewController.swift in Sources */,
				B03E8B79254440A500209B23 /* Int+.swift in Sources */,
				B03E8B6C25443ECA00209B23 /* UIView+.swift in Sources */,
				B0A6DEF0254403AE000C6C04 /* AppDelegate.swift in Sources */,
				B03E8B4825441DE700209B23 /* BlogTableViewCell.swift in Sources */,
				B03E8B50254427BE00209B23 /* AuthorViewModel.swift in Sources */,
				B03E8B83254444A100209B23 /* DateFormatter.swift in Sources */,
				B02879212544155F00D15638 /* BlogViewModel.swift in Sources */,
				B028790725440C4100D15638 /* URLSession+.swift in Sources */,
				B028790C25440CD800D15638 /* BlogListModel.swift in Sources */,
				B028791B254414BC00D15638 /* BlogListViewModel.swift in Sources */,
				B02878F8254408A200D15638 /* NetworkManager.swift in Sources */,
				B028791225440D4400D15638 /* NetworkErrors.swift in Sources */,
				B0A6DEFA254403AE000C6C04 /* Blogger.xcdatamodeld in Sources */,
				B0A6DEF2254403AE000C6C04 /* SceneDelegate.swift in Sources */,
				B03E8B7E2544436C00209B23 /* Date+.swift in Sources */,
			);
			runOnlyForDeploymentPostprocessing = 0;
		};
		B0A6DF01254403B1000C6C04 /* Sources */ = {
			isa = PBXSourcesBuildPhase;
			buildActionMask = 2147483647;
			files = (
				B02878F9254408A200D15638 /* NetworkManager.swift in Sources */,
				B03E8B57254427D400209B23 /* MediaViewModel.swift in Sources */,
				B028791325440D4400D15638 /* NetworkErrors.swift in Sources */,
				B02879222544155F00D15638 /* BlogViewModel.swift in Sources */,
				B03E8B4925441DE700209B23 /* BlogTableViewCell.swift in Sources */,
				B028791C254414BC00D15638 /* BlogListViewModel.swift in Sources */,
				B028790D25440CD800D15638 /* BlogListModel.swift in Sources */,
				B0A6DF0A254403B1000C6C04 /* BloggerTests.swift in Sources */,
				B03E8B51254427BE00209B23 /* AuthorViewModel.swift in Sources */,
			);
			runOnlyForDeploymentPostprocessing = 0;
		};
		B0A6DF0C254403B1000C6C04 /* Sources */ = {
			isa = PBXSourcesBuildPhase;
			buildActionMask = 2147483647;
			files = (
				B0A6DF15254403B1000C6C04 /* BloggerUITests.swift in Sources */,
			);
			runOnlyForDeploymentPostprocessing = 0;
		};
/* End PBXSourcesBuildPhase section */

/* Begin PBXTargetDependency section */
		B0A6DF07254403B1000C6C04 /* PBXTargetDependency */ = {
			isa = PBXTargetDependency;
			target = B0A6DEEB254403AE000C6C04 /* Blogger */;
			targetProxy = B0A6DF06254403B1000C6C04 /* PBXContainerItemProxy */;
		};
		B0A6DF12254403B1000C6C04 /* PBXTargetDependency */ = {
			isa = PBXTargetDependency;
			target = B0A6DEEB254403AE000C6C04 /* Blogger */;
			targetProxy = B0A6DF11254403B1000C6C04 /* PBXContainerItemProxy */;
		};
/* End PBXTargetDependency section */

/* Begin PBXVariantGroup section */
		B0A6DEF5254403AE000C6C04 /* Main.storyboard */ = {
			isa = PBXVariantGroup;
			children = (
				B0A6DEF6254403AE000C6C04 /* Base */,
			);
			name = Main.storyboard;
			sourceTree = "<group>";
		};
		B0A6DEFD254403B1000C6C04 /* LaunchScreen.storyboard */ = {
			isa = PBXVariantGroup;
			children = (
				B0A6DEFE254403B1000C6C04 /* Base */,
			);
			name = LaunchScreen.storyboard;
			sourceTree = "<group>";
		};
/* End PBXVariantGroup section */

/* Begin XCBuildConfiguration section */
		B0A6DF17254403B1000C6C04 /* Debug */ = {
			isa = XCBuildConfiguration;
			buildSettings = {
				ALWAYS_SEARCH_USER_PATHS = NO;
				CLANG_ANALYZER_NONNULL = YES;
				CLANG_ANALYZER_NUMBER_OBJECT_CONVERSION = YES_AGGRESSIVE;
				CLANG_CXX_LANGUAGE_STANDARD = "gnu++14";
				CLANG_CXX_LIBRARY = "libc++";
				CLANG_ENABLE_MODULES = YES;
				CLANG_ENABLE_OBJC_ARC = YES;
				CLANG_ENABLE_OBJC_WEAK = YES;
				CLANG_WARN_BLOCK_CAPTURE_AUTORELEASING = YES;
				CLANG_WARN_BOOL_CONVERSION = YES;
				CLANG_WARN_COMMA = YES;
				CLANG_WARN_CONSTANT_CONVERSION = YES;
				CLANG_WARN_DEPRECATED_OBJC_IMPLEMENTATIONS = YES;
				CLANG_WARN_DIRECT_OBJC_ISA_USAGE = YES_ERROR;
				CLANG_WARN_DOCUMENTATION_COMMENTS = YES;
				CLANG_WARN_EMPTY_BODY = YES;
				CLANG_WARN_ENUM_CONVERSION = YES;
				CLANG_WARN_INFINITE_RECURSION = YES;
				CLANG_WARN_INT_CONVERSION = YES;
				CLANG_WARN_NON_LITERAL_NULL_CONVERSION = YES;
				CLANG_WARN_OBJC_IMPLICIT_RETAIN_SELF = YES;
				CLANG_WARN_OBJC_LITERAL_CONVERSION = YES;
				CLANG_WARN_OBJC_ROOT_CLASS = YES_ERROR;
				CLANG_WARN_QUOTED_INCLUDE_IN_FRAMEWORK_HEADER = YES;
				CLANG_WARN_RANGE_LOOP_ANALYSIS = YES;
				CLANG_WARN_STRICT_PROTOTYPES = YES;
				CLANG_WARN_SUSPICIOUS_MOVE = YES;
				CLANG_WARN_UNGUARDED_AVAILABILITY = YES_AGGRESSIVE;
				CLANG_WARN_UNREACHABLE_CODE = YES;
				CLANG_WARN__DUPLICATE_METHOD_MATCH = YES;
				COPY_PHASE_STRIP = NO;
				DEBUG_INFORMATION_FORMAT = dwarf;
				ENABLE_STRICT_OBJC_MSGSEND = YES;
				ENABLE_TESTABILITY = YES;
				GCC_C_LANGUAGE_STANDARD = gnu11;
				GCC_DYNAMIC_NO_PIC = NO;
				GCC_NO_COMMON_BLOCKS = YES;
				GCC_OPTIMIZATION_LEVEL = 0;
				GCC_PREPROCESSOR_DEFINITIONS = (
					"DEBUG=1",
					"$(inherited)",
				);
				GCC_WARN_64_TO_32_BIT_CONVERSION = YES;
				GCC_WARN_ABOUT_RETURN_TYPE = YES_ERROR;
				GCC_WARN_UNDECLARED_SELECTOR = YES;
				GCC_WARN_UNINITIALIZED_AUTOS = YES_AGGRESSIVE;
				GCC_WARN_UNUSED_FUNCTION = YES;
				GCC_WARN_UNUSED_VARIABLE = YES;
				IPHONEOS_DEPLOYMENT_TARGET = 14.1;
				MTL_ENABLE_DEBUG_INFO = INCLUDE_SOURCE;
				MTL_FAST_MATH = YES;
				ONLY_ACTIVE_ARCH = YES;
				SDKROOT = iphoneos;
				SWIFT_ACTIVE_COMPILATION_CONDITIONS = DEBUG;
				SWIFT_OPTIMIZATION_LEVEL = "-Onone";
			};
			name = Debug;
		};
		B0A6DF18254403B1000C6C04 /* Release */ = {
			isa = XCBuildConfiguration;
			buildSettings = {
				ALWAYS_SEARCH_USER_PATHS = NO;
				CLANG_ANALYZER_NONNULL = YES;
				CLANG_ANALYZER_NUMBER_OBJECT_CONVERSION = YES_AGGRESSIVE;
				CLANG_CXX_LANGUAGE_STANDARD = "gnu++14";
				CLANG_CXX_LIBRARY = "libc++";
				CLANG_ENABLE_MODULES = YES;
				CLANG_ENABLE_OBJC_ARC = YES;
				CLANG_ENABLE_OBJC_WEAK = YES;
				CLANG_WARN_BLOCK_CAPTURE_AUTORELEASING = YES;
				CLANG_WARN_BOOL_CONVERSION = YES;
				CLANG_WARN_COMMA = YES;
				CLANG_WARN_CONSTANT_CONVERSION = YES;
				CLANG_WARN_DEPRECATED_OBJC_IMPLEMENTATIONS = YES;
				CLANG_WARN_DIRECT_OBJC_ISA_USAGE = YES_ERROR;
				CLANG_WARN_DOCUMENTATION_COMMENTS = YES;
				CLANG_WARN_EMPTY_BODY = YES;
				CLANG_WARN_ENUM_CONVERSION = YES;
				CLANG_WARN_INFINITE_RECURSION = YES;
				CLANG_WARN_INT_CONVERSION = YES;
				CLANG_WARN_NON_LITERAL_NULL_CONVERSION = YES;
				CLANG_WARN_OBJC_IMPLICIT_RETAIN_SELF = YES;
				CLANG_WARN_OBJC_LITERAL_CONVERSION = YES;
				CLANG_WARN_OBJC_ROOT_CLASS = YES_ERROR;
				CLANG_WARN_QUOTED_INCLUDE_IN_FRAMEWORK_HEADER = YES;
				CLANG_WARN_RANGE_LOOP_ANALYSIS = YES;
				CLANG_WARN_STRICT_PROTOTYPES = YES;
				CLANG_WARN_SUSPICIOUS_MOVE = YES;
				CLANG_WARN_UNGUARDED_AVAILABILITY = YES_AGGRESSIVE;
				CLANG_WARN_UNREACHABLE_CODE = YES;
				CLANG_WARN__DUPLICATE_METHOD_MATCH = YES;
				COPY_PHASE_STRIP = NO;
				DEBUG_INFORMATION_FORMAT = "dwarf-with-dsym";
				ENABLE_NS_ASSERTIONS = NO;
				ENABLE_STRICT_OBJC_MSGSEND = YES;
				GCC_C_LANGUAGE_STANDARD = gnu11;
				GCC_NO_COMMON_BLOCKS = YES;
				GCC_WARN_64_TO_32_BIT_CONVERSION = YES;
				GCC_WARN_ABOUT_RETURN_TYPE = YES_ERROR;
				GCC_WARN_UNDECLARED_SELECTOR = YES;
				GCC_WARN_UNINITIALIZED_AUTOS = YES_AGGRESSIVE;
				GCC_WARN_UNUSED_FUNCTION = YES;
				GCC_WARN_UNUSED_VARIABLE = YES;
				IPHONEOS_DEPLOYMENT_TARGET = 14.1;
				MTL_ENABLE_DEBUG_INFO = NO;
				MTL_FAST_MATH = YES;
				SDKROOT = iphoneos;
				SWIFT_COMPILATION_MODE = wholemodule;
				SWIFT_OPTIMIZATION_LEVEL = "-O";
				VALIDATE_PRODUCT = YES;
			};
			name = Release;
		};
		B0A6DF1A254403B1000C6C04 /* Debug */ = {
			isa = XCBuildConfiguration;
			buildSettings = {
				ASSETCATALOG_COMPILER_APPICON_NAME = AppIcon;
				ASSETCATALOG_COMPILER_GLOBAL_ACCENT_COLOR_NAME = AccentColor;
				CODE_SIGN_STYLE = Automatic;
				INFOPLIST_FILE = Blogger/Info.plist;
				LD_RUNPATH_SEARCH_PATHS = (
					"$(inherited)",
					"@executable_path/Frameworks",
				);
				PRODUCT_BUNDLE_IDENTIFIER = com.prabhakar.Blogger;
				PRODUCT_NAME = "$(TARGET_NAME)";
				SWIFT_VERSION = 5.0;
				TARGETED_DEVICE_FAMILY = 1;
			};
			name = Debug;
		};
		B0A6DF1B254403B1000C6C04 /* Release */ = {
			isa = XCBuildConfiguration;
			buildSettings = {
				ASSETCATALOG_COMPILER_APPICON_NAME = AppIcon;
				ASSETCATALOG_COMPILER_GLOBAL_ACCENT_COLOR_NAME = AccentColor;
				CODE_SIGN_STYLE = Automatic;
				INFOPLIST_FILE = Blogger/Info.plist;
				LD_RUNPATH_SEARCH_PATHS = (
					"$(inherited)",
					"@executable_path/Frameworks",
				);
				PRODUCT_BUNDLE_IDENTIFIER = com.prabhakar.Blogger;
				PRODUCT_NAME = "$(TARGET_NAME)";
				SWIFT_VERSION = 5.0;
				TARGETED_DEVICE_FAMILY = 1;
			};
			name = Release;
		};
		B0A6DF1D254403B1000C6C04 /* Debug */ = {
			isa = XCBuildConfiguration;
			buildSettings = {
				ALWAYS_EMBED_SWIFT_STANDARD_LIBRARIES = YES;
				BUNDLE_LOADER = "$(TEST_HOST)";
				CODE_SIGN_STYLE = Automatic;
				INFOPLIST_FILE = BloggerTests/Info.plist;
				IPHONEOS_DEPLOYMENT_TARGET = 14.1;
				LD_RUNPATH_SEARCH_PATHS = (
					"$(inherited)",
					"@executable_path/Frameworks",
					"@loader_path/Frameworks",
				);
				PRODUCT_BUNDLE_IDENTIFIER = com.prabhakar.BloggerTests;
				PRODUCT_NAME = "$(TARGET_NAME)";
				SWIFT_VERSION = 5.0;
				TARGETED_DEVICE_FAMILY = "1,2";
				TEST_HOST = "$(BUILT_PRODUCTS_DIR)/Blogger.app/Blogger";
			};
			name = Debug;
		};
		B0A6DF1E254403B1000C6C04 /* Release */ = {
			isa = XCBuildConfiguration;
			buildSettings = {
				ALWAYS_EMBED_SWIFT_STANDARD_LIBRARIES = YES;
				BUNDLE_LOADER = "$(TEST_HOST)";
				CODE_SIGN_STYLE = Automatic;
				INFOPLIST_FILE = BloggerTests/Info.plist;
				IPHONEOS_DEPLOYMENT_TARGET = 14.1;
				LD_RUNPATH_SEARCH_PATHS = (
					"$(inherited)",
					"@executable_path/Frameworks",
					"@loader_path/Frameworks",
				);
				PRODUCT_BUNDLE_IDENTIFIER = com.prabhakar.BloggerTests;
				PRODUCT_NAME = "$(TARGET_NAME)";
				SWIFT_VERSION = 5.0;
				TARGETED_DEVICE_FAMILY = "1,2";
				TEST_HOST = "$(BUILT_PRODUCTS_DIR)/Blogger.app/Blogger";
			};
			name = Release;
		};
		B0A6DF20254403B1000C6C04 /* Debug */ = {
			isa = XCBuildConfiguration;
			buildSettings = {
				ALWAYS_EMBED_SWIFT_STANDARD_LIBRARIES = YES;
				CODE_SIGN_STYLE = Automatic;
				INFOPLIST_FILE = BloggerUITests/Info.plist;
				LD_RUNPATH_SEARCH_PATHS = (
					"$(inherited)",
					"@executable_path/Frameworks",
					"@loader_path/Frameworks",
				);
				PRODUCT_BUNDLE_IDENTIFIER = com.prabhakar.BloggerUITests;
				PRODUCT_NAME = "$(TARGET_NAME)";
				SWIFT_VERSION = 5.0;
				TARGETED_DEVICE_FAMILY = "1,2";
				TEST_TARGET_NAME = Blogger;
			};
			name = Debug;
		};
		B0A6DF21254403B1000C6C04 /* Release */ = {
			isa = XCBuildConfiguration;
			buildSettings = {
				ALWAYS_EMBED_SWIFT_STANDARD_LIBRARIES = YES;
				CODE_SIGN_STYLE = Automatic;
				INFOPLIST_FILE = BloggerUITests/Info.plist;
				LD_RUNPATH_SEARCH_PATHS = (
					"$(inherited)",
					"@executable_path/Frameworks",
					"@loader_path/Frameworks",
				);
				PRODUCT_BUNDLE_IDENTIFIER = com.prabhakar.BloggerUITests;
				PRODUCT_NAME = "$(TARGET_NAME)";
				SWIFT_VERSION = 5.0;
				TARGETED_DEVICE_FAMILY = "1,2";
				TEST_TARGET_NAME = Blogger;
			};
			name = Release;
		};
/* End XCBuildConfiguration section */

/* Begin XCConfigurationList section */
		B0A6DEE7254403AE000C6C04 /* Build configuration list for PBXProject "Blogger" */ = {
			isa = XCConfigurationList;
			buildConfigurations = (
				B0A6DF17254403B1000C6C04 /* Debug */,
				B0A6DF18254403B1000C6C04 /* Release */,
			);
			defaultConfigurationIsVisible = 0;
			defaultConfigurationName = Release;
		};
		B0A6DF19254403B1000C6C04 /* Build configuration list for PBXNativeTarget "Blogger" */ = {
			isa = XCConfigurationList;
			buildConfigurations = (
				B0A6DF1A254403B1000C6C04 /* Debug */,
				B0A6DF1B254403B1000C6C04 /* Release */,
			);
			defaultConfigurationIsVisible = 0;
			defaultConfigurationName = Release;
		};
		B0A6DF1C254403B1000C6C04 /* Build configuration list for PBXNativeTarget "BloggerTests" */ = {
			isa = XCConfigurationList;
			buildConfigurations = (
				B0A6DF1D254403B1000C6C04 /* Debug */,
				B0A6DF1E254403B1000C6C04 /* Release */,
			);
			defaultConfigurationIsVisible = 0;
			defaultConfigurationName = Release;
		};
		B0A6DF1F254403B1000C6C04 /* Build configuration list for PBXNativeTarget "BloggerUITests" */ = {
			isa = XCConfigurationList;
			buildConfigurations = (
				B0A6DF20254403B1000C6C04 /* Debug */,
				B0A6DF21254403B1000C6C04 /* Release */,
			);
			defaultConfigurationIsVisible = 0;
			defaultConfigurationName = Release;
		};
/* End XCConfigurationList section */

/* Begin XCRemoteSwiftPackageReference section */
		B03E8B872544572400209B23 /* XCRemoteSwiftPackageReference "SDWebImage" */ = {
			isa = XCRemoteSwiftPackageReference;
			repositoryURL = "https://github.com/SDWebImage/SDWebImage";
			requirement = {
				kind = upToNextMajorVersion;
				minimumVersion = 5.9.4;
			};
		};
/* End XCRemoteSwiftPackageReference section */

/* Begin XCSwiftPackageProductDependency section */
		B03E8B882544572400209B23 /* SDWebImage */ = {
			isa = XCSwiftPackageProductDependency;
			package = B03E8B872544572400209B23 /* XCRemoteSwiftPackageReference "SDWebImage" */;
			productName = SDWebImage;
		};
/* End XCSwiftPackageProductDependency section */

/* Begin XCVersionGroup section */
		B0A6DEF8254403AE000C6C04 /* Blogger.xcdatamodeld */ = {
			isa = XCVersionGroup;
			children = (
				B0A6DEF9254403AE000C6C04 /* Blogger.xcdatamodel */,
			);
			currentVersion = B0A6DEF9254403AE000C6C04 /* Blogger.xcdatamodel */;
			path = Blogger.xcdatamodeld;
			sourceTree = "<group>";
			versionGroupType = wrapper.xcdatamodel;
		};
/* End XCVersionGroup section */
	};
	rootObject = B0A6DEE4254403AE000C6C04 /* Project object */;
}
